# THIS IS AN AUTOGENERATED FILE. DO NOT EDIT THIS FILE DIRECTLY.
# yarn lockfile v1


"@types/commander@^2.12.2":
  version "2.12.2"
  resolved "https://registry.yarnpkg.com/@types/commander/-/commander-2.12.2.tgz#183041a23842d4281478fa5d23c5ca78e6fd08ae"
  integrity sha512-0QEFiR8ljcHp9bAbWxecjVRuAMr16ivPiGOw6KFQBVrVd0RQIcM3xKdRisH2EDWgVWujiYtHwhSkSUoAAGzH7Q==
  dependencies:
    commander "*"

bun-types@latest:
  version "1.0.14"
  resolved "https://registry.yarnpkg.com/bun-types/-/bun-types-1.0.14.tgz#b3e0dca2e18aeaa3585a3551af7b467be52c4566"
  integrity sha512-hLVfM2fk8xSJeobfuPGilfvxM5gLtEy1bn7RJhrtw3u4OaC0kieXKYFFTVHU8jZ3hj8YyPLIFClIUodkFSrMBQ==

commander@*, commander@^11.1.0:
  version "11.1.0"
  resolved "https://registry.yarnpkg.com/commander/-/commander-11.1.0.tgz#62fdce76006a68e5c1ab3314dc92e800eb83d906"
  integrity sha512-yPVavfyCcRhmorC7rWlkHn15b4wDVgVmBA7kV4QVBsF7kv/9TKJAbAXVTxvTnwP8HHKjRCJDClKbciiYS7p0DQ==
